// !$*UTF8*$!
{
	archiveVersion = 1;
	classes = {
	};
	objectVersion = 55;
	objects = {

/* Begin PBXBuildFile section */
		A33288DC274AA7EA00EE4726 /* CustomTableViewController.swift in Sources */ = {isa = PBXBuildFile; fileRef = A33288DB274AA7EA00EE4726 /* CustomTableViewController.swift */; };
		A33288DE274AB4DE00EE4726 /* CustomTableViewCell.swift in Sources */ = {isa = PBXBuildFile; fileRef = A33288DD274AB4DE00EE4726 /* CustomTableViewCell.swift */; };
		A38DEBA32752602300C450E5 /* EatersDetailViewController.swift in Sources */ = {isa = PBXBuildFile; fileRef = A38DEBA22752602300C450E5 /* EatersDetailViewController.swift */; };
		A38DEBA527528A9F00C450E5 /* Restaurant.swift.swift in Sources */ = {isa = PBXBuildFile; fileRef = A38DEBA427528A9F00C450E5 /* Restaurant.swift.swift */; };
		A38DEBA72752B8C700C450E5 /* EateryDetailTableViewCell.swift in Sources */ = {isa = PBXBuildFile; fileRef = A38DEBA62752B8C700C450E5 /* EateryDetailTableViewCell.swift */; };
		A39967DB276144D900209B44 /* FinalViewController.swift in Sources */ = {isa = PBXBuildFile; fileRef = A39967DA276144D900209B44 /* FinalViewController.swift */; };
		A3A9C9F02748F55700798A47 /* AppDelegate.swift in Sources */ = {isa = PBXBuildFile; fileRef = A3A9C9EF2748F55700798A47 /* AppDelegate.swift */; };
		A3A9C9F22748F55700798A47 /* SceneDelegate.swift in Sources */ = {isa = PBXBuildFile; fileRef = A3A9C9F12748F55700798A47 /* SceneDelegate.swift */; };
		A3A9C9F72748F55700798A47 /* Main.storyboard in Resources */ = {isa = PBXBuildFile; fileRef = A3A9C9F52748F55700798A47 /* Main.storyboard */; };
		A3A9C9F92748F55800798A47 /* Assets.xcassets in Resources */ = {isa = PBXBuildFile; fileRef = A3A9C9F82748F55800798A47 /* Assets.xcassets */; };
		A3A9C9FC2748F55800798A47 /* LaunchScreen.storyboard in Resources */ = {isa = PBXBuildFile; fileRef = A3A9C9FA2748F55800798A47 /* LaunchScreen.storyboard */; };
/* End PBXBuildFile section */

/* Begin PBXFileReference section */
		A33288DB274AA7EA00EE4726 /* CustomTableViewController.swift */ = {isa = PBXFileReference; lastKnownFileType = sourcecode.swift; path = CustomTableViewController.swift; sourceTree = "<group>"; };
		A33288DD274AB4DE00EE4726 /* CustomTableViewCell.swift */ = {isa = PBXFileReference; lastKnownFileType = sourcecode.swift; path = CustomTableViewCell.swift; sourceTree = "<group>"; };
		A38DEBA22752602300C450E5 /* EatersDetailViewController.swift */ = {isa = PBXFileReference; lastKnownFileType = sourcecode.swift; path = EatersDetailViewController.swift; sourceTree = "<group>"; };
		A38DEBA427528A9F00C450E5 /* Restaurant.swift.swift */ = {isa = PBXFileReference; lastKnownFileType = sourcecode.swift; path = Restaurant.swift.swift; sourceTree = "<group>"; };
		A38DEBA62752B8C700C450E5 /* EateryDetailTableViewCell.swift */ = {isa = PBXFileReference; lastKnownFileType = sourcecode.swift; path = EateryDetailTableViewCell.swift; sourceTree = "<group>"; };
		A39967DA276144D900209B44 /* FinalViewController.swift */ = {isa = PBXFileReference; lastKnownFileType = sourcecode.swift; path = FinalViewController.swift; sourceTree = "<group>"; };
		A3A9C9EC2748F55700798A47 /* SProj_v1.app */ = {isa = PBXFileReference; explicitFileType = wrapper.application; includeInIndex = 0; path = SProj_v1.app; sourceTree = BUILT_PRODUCTS_DIR; };
		A3A9C9EF2748F55700798A47 /* AppDelegate.swift */ = {isa = PBXFileReference; lastKnownFileType = sourcecode.swift; path = AppDelegate.swift; sourceTree = "<group>"; };
		A3A9C9F12748F55700798A47 /* SceneDelegate.swift */ = {isa = PBXFileReference; lastKnownFileType = sourcecode.swift; path = SceneDelegate.swift; sourceTree = "<group>"; };
		A3A9C9F62748F55700798A47 /* Base */ = {isa = PBXFileReference; lastKnownFileType = file.storyboard; name = Base; path = Base.lproj/Main.storyboard; sourceTree = "<group>"; };
		A3A9C9F82748F55800798A47 /* Assets.xcassets */ = {isa = PBXFileReference; lastKnownFileType = folder.assetcatalog; path = Assets.xcassets; sourceTree = "<group>"; };
		A3A9C9FB2748F55800798A47 /* Base */ = {isa = PBXFileReference; lastKnownFileType = file.storyboard; name = Base; path = Base.lproj/LaunchScreen.storyboard; sourceTree = "<group>"; };
		A3A9C9FD2748F55800798A47 /* Info.plist */ = {isa = PBXFileReference; lastKnownFileType = text.plist.xml; path = Info.plist; sourceTree = "<group>"; };
/* End PBXFileReference section */

/* Begin PBXFrameworksBuildPhase section */
		A3A9C9E92748F55700798A47 /* Frameworks */ = {
			isa = PBXFrameworksBuildPhase;
			buildActionMask = 2147483647;
			files = (
			);
			runOnlyForDeploymentPostprocessing = 0;
		};
/* End PBXFrameworksBuildPhase section */

/* Begin PBXGroup section */
		A33288D8274A910E00EE4726 /* Models */ = {
			isa = PBXGroup;
			children = (
				A38DEBA427528A9F00C450E5 /* Restaurant.swift.swift */,
			);
			path = Models;
			sourceTree = "<group>";
		};
		A33288D9274A911F00EE4726 /* Views */ = {
			isa = PBXGroup;
			children = (
				A3A9C9F52748F55700798A47 /* Main.storyboard */,
			);
			path = Views;
			sourceTree = "<group>";
		};
		A33288DA274A912600EE4726 /* Controllers */ = {
			isa = PBXGroup;
			children = (
				A33288DD274AB4DE00EE4726 /* CustomTableViewCell.swift */,
				A3A9C9F12748F55700798A47 /* SceneDelegate.swift */,
				A3A9C9EF2748F55700798A47 /* AppDelegate.swift */,
				A33288DB274AA7EA00EE4726 /* CustomTableViewController.swift */,
				A38DEBA62752B8C700C450E5 /* EateryDetailTableViewCell.swift */,
				A38DEBA22752602300C450E5 /* EatersDetailViewController.swift */,
				A39967DA276144D900209B44 /* FinalViewController.swift */,
			);
			path = Controllers;
			sourceTree = "<group>";
		};
		A3A9C9E32748F55700798A47 = {
			isa = PBXGroup;
			children = (
				A3A9C9EE2748F55700798A47 /* SProj_v1 */,
				A3A9C9ED2748F55700798A47 /* Products */,
			);
			sourceTree = "<group>";
		};
		A3A9C9ED2748F55700798A47 /* Products */ = {
			isa = PBXGroup;
			children = (
				A3A9C9EC2748F55700798A47 /* SProj_v1.app */,
			);
			name = Products;
			sourceTree = "<group>";
		};
		A3A9C9EE2748F55700798A47 /* SProj_v1 */ = {
			isa = PBXGroup;
			children = (
				A33288DA274A912600EE4726 /* Controllers */,
				A33288D9274A911F00EE4726 /* Views */,
				A33288D8274A910E00EE4726 /* Models */,
				A3A9C9F82748F55800798A47 /* Assets.xcassets */,
				A3A9C9FA2748F55800798A47 /* LaunchScreen.storyboard */,
				A3A9C9FD2748F55800798A47 /* Info.plist */,
			);
			path = SProj_v1;
			sourceTree = "<group>";
		};
/* End PBXGroup section */

/* Begin PBXNativeTarget section */
		A3A9C9EB2748F55700798A47 /* SProj_v1 */ = {
			isa = PBXNativeTarget;
			buildConfigurationList = A3A9CA002748F55800798A47 /* Build configuration list for PBXNativeTarget "SProj_v1" */;
			buildPhases = (
				A3A9C9E82748F55700798A47 /* Sources */,
				A3A9C9E92748F55700798A47 /* Frameworks */,
				A3A9C9EA2748F55700798A47 /* Resources */,
			);
			buildRules = (
			);
			dependencies = (
			);
			name = SProj_v1;
			productName = SProj_v1;
			productReference = A3A9C9EC2748F55700798A47 /* SProj_v1.app */;
			productType = "com.apple.product-type.application";
		};
/* End PBXNativeTarget section */

/* Begin PBXProject section */
		A3A9C9E42748F55700798A47 /* Project object */ = {
			isa = PBXProject;
			attributes = {
				BuildIndependentTargetsInParallel = 1;
				LastSwiftUpdateCheck = 1310;
				LastUpgradeCheck = 1310;
				TargetAttributes = {
					A3A9C9EB2748F55700798A47 = {
						CreatedOnToolsVersion = 13.1;
					};
				};
			};
			buildConfigurationList = A3A9C9E72748F55700798A47 /* Build configuration list for PBXProject "SProj_v1" */;
			compatibilityVersion = "Xcode 13.0";
			developmentRegion = en;
			hasScannedForEncodings = 0;
			knownRegions = (
				en,
				Base,
			);
			mainGroup = A3A9C9E32748F55700798A47;
			productRefGroup = A3A9C9ED2748F55700798A47 /* Products */;
			projectDirPath = "";
			projectRoot = "";
			targets = (
				A3A9C9EB2748F55700798A47 /* SProj_v1 */,
			);
		};
/* End PBXProject section */

/* Begin PBXResourcesBuildPhase section */
		A3A9C9EA2748F55700798A47 /* Resources */ = {
			isa = PBXResourcesBuildPhase;
			buildActionMask = 2147483647;
			files = (
				A3A9C9FC2748F55800798A47 /* LaunchScreen.storyboard in Resources */,
				A3A9C9F92748F55800798A47 /* Assets.xcassets in Resources */,
				A3A9C9F72748F55700798A47 /* Main.storyboard in Resources */,
			);
			runOnlyForDeploymentPostprocessing = 0;
		};
/* End PBXResourcesBuildPhase section */

/* Begin PBXSourcesBuildPhase section */
		A3A9C9E82748F55700798A47 /* Sources */ = {
			isa = PBXSourcesBuildPhase;
			buildActionMask = 2147483647;
			files = (
				A38DEBA72752B8C700C450E5 /* EateryDetailTableViewCell.swift in Sources */,
				A3A9C9F02748F55700798A47 /* AppDelegate.swift in Sources */,
				A33288DC274AA7EA00EE4726 /* CustomTableViewController.swift in Sources */,
				A33288DE274AB4DE00EE4726 /* CustomTableViewCell.swift in Sources */,
				A38DEBA32752602300C450E5 /* EatersDetailViewController.swift in Sources */,
				A39967DB276144D900209B44 /* FinalViewController.swift in Sources */,
				A3A9C9F22748F55700798A47 /* SceneDelegate.swift in Sources */,
				A38DEBA527528A9F00C450E5 /* Restaurant.swift.swift in Sources */,
			);
			runOnlyForDeploymentPostprocessing = 0;
		};
/* End PBXSourcesBuildPhase section */

/* Begin PBXVariantGroup section */
		A3A9C9F52748F55700798A47 /* Main.storyboard */ = {
			isa = PBXVariantGroup;
			children = (
				A3A9C9F62748F55700798A47 /* Base */,
			);
			name = Main.storyboard;
			sourceTree = "<group>";
		};
		A3A9C9FA2748F55800798A47 /* LaunchScreen.storyboard */ = {
			isa = PBXVariantGroup;
			children = (
				A3A9C9FB2748F55800798A47 /* Base */,
			);
			name = LaunchScreen.storyboard;
			sourceTree = "<group>";
		};
/* End PBXVariantGroup section */

/* Begin XCBuildConfiguration section */
		A3A9C9FE2748F55800798A47 /* Debug */ = {
			isa = XCBuildConfiguration;
			buildSettings = {
				ALWAYS_SEARCH_USER_PATHS = NO;
				CLANG_ANALYZER_NONNULL = YES;
				CLANG_ANALYZER_NUMBER_OBJECT_CONVERSION = YES_AGGRESSIVE;
				CLANG_CXX_LANGUAGE_STANDARD = "gnu++17";
				CLANG_CXX_LIBRARY = "libc++";
				CLANG_ENABLE_MODULES = YES;
				CLANG_ENABLE_OBJC_ARC = YES;
				CLANG_ENABLE_OBJC_WEAK = YES;
				CLANG_WARN_BLOCK_CAPTURE_AUTORELEASING = YES;
				CLANG_WARN_BOOL_CONVERSION = YES;
				CLANG_WARN_COMMA = YES;
				CLANG_WARN_CONSTANT_CONVERSION = YES;
				CLANG_WARN_DEPRECATED_OBJC_IMPLEMENTATIONS = YES;
				CLANG_WARN_DIRECT_OBJC_ISA_USAGE = YES_ERROR;
				CLANG_WARN_DOCUMENTATION_COMMENTS = YES;
				CLANG_WARN_EMPTY_BODY = YES;
				CLANG_WARN_ENUM_CONVERSION = YES;
				CLANG_WARN_INFINITE_RECURSION = YES;
				CLANG_WARN_INT_CONVERSION = YES;
				CLANG_WARN_NON_LITERAL_NULL_CONVERSION = YES;
				CLANG_WARN_OBJC_IMPLICIT_RETAIN_SELF = YES;
				CLANG_WARN_OBJC_LITERAL_CONVERSION = YES;
				CLANG_WARN_OBJC_ROOT_CLASS = YES_ERROR;
				CLANG_WARN_QUOTED_INCLUDE_IN_FRAMEWORK_HEADER = YES;
				CLANG_WARN_RANGE_LOOP_ANALYSIS = YES;
				CLANG_WARN_STRICT_PROTOTYPES = YES;
				CLANG_WARN_SUSPICIOUS_MOVE = YES;
				CLANG_WARN_UNGUARDED_AVAILABILITY = YES_AGGRESSIVE;
				CLANG_WARN_UNREACHABLE_CODE = YES;
				CLANG_WARN__DUPLICATE_METHOD_MATCH = YES;
				COPY_PHASE_STRIP = NO;
				DEBUG_INFORMATION_FORMAT = dwarf;
				ENABLE_STRICT_OBJC_MSGSEND = YES;
				ENABLE_TESTABILITY = YES;
				GCC_C_LANGUAGE_STANDARD = gnu11;
				GCC_DYNAMIC_NO_PIC = NO;
				GCC_NO_COMMON_BLOCKS = YES;
				GCC_OPTIMIZATION_LEVEL = 0;
				GCC_PREPROCESSOR_DEFINITIONS = (
					"DEBUG=1",
					"$(inherited)",
				);
				GCC_WARN_64_TO_32_BIT_CONVERSION = YES;
				GCC_WARN_ABOUT_RETURN_TYPE = YES_ERROR;
				GCC_WARN_UNDECLARED_SELECTOR = YES;
				GCC_WARN_UNINITIALIZED_AUTOS = YES_AGGRESSIVE;
				GCC_WARN_UNUSED_FUNCTION = YES;
				GCC_WARN_UNUSED_VARIABLE = YES;
				IPHONEOS_DEPLOYMENT_TARGET = 15.0;
				MTL_ENABLE_DEBUG_INFO = INCLUDE_SOURCE;
				MTL_FAST_MATH = YES;
				ONLY_ACTIVE_ARCH = YES;
				SDKROOT = iphoneos;
				SWIFT_ACTIVE_COMPILATION_CONDITIONS = DEBUG;
				SWIFT_OPTIMIZATION_LEVEL = "-Onone";
			};
			name = Debug;
		};
		A3A9C9FF2748F55800798A47 /* Release */ = {
			isa = XCBuildConfiguration;
			buildSettings = {
				ALWAYS_SEARCH_USER_PATHS = NO;
				CLANG_ANALYZER_NONNULL = YES;
				CLANG_ANALYZER_NUMBER_OBJECT_CONVERSION = YES_AGGRESSIVE;
				CLANG_CXX_LANGUAGE_STANDARD = "gnu++17";
				CLANG_CXX_LIBRARY = "libc++";
				CLANG_ENABLE_MODULES = YES;
				CLANG_ENABLE_OBJC_ARC = YES;
				CLANG_ENABLE_OBJC_WEAK = YES;
				CLANG_WARN_BLOCK_CAPTURE_AUTORELEASING = YES;
				CLANG_WARN_BOOL_CONVERSION = YES;
				CLANG_WARN_COMMA = YES;
				CLANG_WARN_CONSTANT_CONVERSION = YES;
				CLANG_WARN_DEPRECATED_OBJC_IMPLEMENTATIONS = YES;
				CLANG_WARN_DIRECT_OBJC_ISA_USAGE = YES_ERROR;
				CLANG_WARN_DOCUMENTATION_COMMENTS = YES;
				CLANG_WARN_EMPTY_BODY = YES;
				CLANG_WARN_ENUM_CONVERSION = YES;
				CLANG_WARN_INFINITE_RECURSION = YES;
				CLANG_WARN_INT_CONVERSION = YES;
				CLANG_WARN_NON_LITERAL_NULL_CONVERSION = YES;
				CLANG_WARN_OBJC_IMPLICIT_RETAIN_SELF = YES;
				CLANG_WARN_OBJC_LITERAL_CONVERSION = YES;
				CLANG_WARN_OBJC_ROOT_CLASS = YES_ERROR;
				CLANG_WARN_QUOTED_INCLUDE_IN_FRAMEWORK_HEADER = YES;
				CLANG_WARN_RANGE_LOOP_ANALYSIS = YES;
				CLANG_WARN_STRICT_PROTOTYPES = YES;
				CLANG_WARN_SUSPICIOUS_MOVE = YES;
				CLANG_WARN_UNGUARDED_AVAILABILITY = YES_AGGRESSIVE;
				CLANG_WARN_UNREACHABLE_CODE = YES;
				CLANG_WARN__DUPLICATE_METHOD_MATCH = YES;
				COPY_PHASE_STRIP = NO;
				DEBUG_INFORMATION_FORMAT = "dwarf-with-dsym";
				ENABLE_NS_ASSERTIONS = NO;
				ENABLE_STRICT_OBJC_MSGSEND = YES;
				GCC_C_LANGUAGE_STANDARD = gnu11;
				GCC_NO_COMMON_BLOCKS = YES;
				GCC_WARN_64_TO_32_BIT_CONVERSION = YES;
				GCC_WARN_ABOUT_RETURN_TYPE = YES_ERROR;
				GCC_WARN_UNDECLARED_SELECTOR = YES;
				GCC_WARN_UNINITIALIZED_AUTOS = YES_AGGRESSIVE;
				GCC_WARN_UNUSED_FUNCTION = YES;
				GCC_WARN_UNUSED_VARIABLE = YES;
				IPHONEOS_DEPLOYMENT_TARGET = 15.0;
				MTL_ENABLE_DEBUG_INFO = NO;
				MTL_FAST_MATH = YES;
				SDKROOT = iphoneos;
				SWIFT_COMPILATION_MODE = wholemodule;
				SWIFT_OPTIMIZATION_LEVEL = "-O";
				VALIDATE_PRODUCT = YES;
			};
			name = Release;
		};
		A3A9CA012748F55800798A47 /* Debug */ = {
			isa = XCBuildConfiguration;
			buildSettings = {
				ASSETCATALOG_COMPILER_APPICON_NAME = AppIcon;
				ASSETCATALOG_COMPILER_GLOBAL_ACCENT_COLOR_NAME = AccentColor;
				CODE_SIGN_STYLE = Automatic;
				CURRENT_PROJECT_VERSION = 1;
				DEVELOPMENT_TEAM = 44XPNUG6JL;
				GENERATE_INFOPLIST_FILE = YES;
				INFOPLIST_FILE = SProj_v1/Info.plist;
				INFOPLIST_KEY_UIApplicationSupportsIndirectInputEvents = YES;
				INFOPLIST_KEY_UILaunchStoryboardName = LaunchScreen;
				INFOPLIST_KEY_UIMainStoryboardFile = Main;
				INFOPLIST_KEY_UISupportedInterfaceOrientations = "UIInterfaceOrientationLandscapeLeft UIInterfaceOrientationLandscapeRight";
				INFOPLIST_KEY_UISupportedInterfaceOrientations_iPad = "UIInterfaceOrientationPortrait UIInterfaceOrientationPortraitUpsideDown UIInterfaceOrientationLandscapeLeft UIInterfaceOrientationLandscapeRight";
				INFOPLIST_KEY_UISupportedInterfaceOrientations_iPhone = "UIInterfaceOrientationPortrait UIInterfaceOrientationLandscapeLeft UIInterfaceOrientationLandscapeRight";
				LD_RUNPATH_SEARCH_PATHS = (
					"$(inherited)",
					"@executable_path/Frameworks",
				);
				MARKETING_VERSION = 1.0;
				PRODUCT_BUNDLE_IDENTIFIER = "eugene.SProj-v1";
				PRODUCT_NAME = "$(TARGET_NAME)";
				SWIFT_EMIT_LOC_STRINGS = YES;
				SWIFT_VERSION = 5.0;
				TARGETED_DEVICE_FAMILY = "1,2";
			};
			name = Debug;
		};
		A3A9CA022748F55800798A47 /* Release */ = {
			isa = XCBuildConfiguration;
			buildSettings = {
				ASSETCATALOG_COMPILER_APPICON_NAME = AppIcon;
				ASSETCATALOG_COMPILER_GLOBAL_ACCENT_COLOR_NAME = AccentColor;
				CODE_SIGN_STYLE = Automatic;
				CURRENT_PROJECT_VERSION = 1;
				DEVELOPMENT_TEAM = 44XPNUG6JL;
				GENERATE_INFOPLIST_FILE = YES;
				INFOPLIST_FILE = SProj_v1/Info.plist;
				INFOPLIST_KEY_UIApplicationSupportsIndirectInputEvents = YES;
				INFOPLIST_KEY_UILaunchStoryboardName = LaunchScreen;
				INFOPLIST_KEY_UIMainStoryboardFile = Main;
				INFOPLIST_KEY_UISupportedInterfaceOrientations = "UIInterfaceOrientationLandscapeLeft UIInterfaceOrientationLandscapeRight";
				INFOPLIST_KEY_UISupportedInterfaceOrientations_iPad = "UIInterfaceOrientationPortrait UIInterfaceOrientationPortraitUpsideDown UIInterfaceOrientationLandscapeLeft UIInterfaceOrientationLandscapeRight";
				INFOPLIST_KEY_UISupportedInterfaceOrientations_iPhone = "UIInterfaceOrientationPortrait UIInterfaceOrientationLandscapeLeft UIInterfaceOrientationLandscapeRight";
				LD_RUNPATH_SEARCH_PATHS = (
					"$(inherited)",
					"@executable_path/Frameworks",
				);
				MARKETING_VERSION = 1.0;
				PRODUCT_BUNDLE_IDENTIFIER = "eugene.SProj-v1";
				PRODUCT_NAME = "$(TARGET_NAME)";
				SWIFT_EMIT_LOC_STRINGS = YES;
				SWIFT_VERSION = 5.0;
				TARGETED_DEVICE_FAMILY = "1,2";
			};
			name = Release;
		};
/* End XCBuildConfiguration section */

/* Begin XCConfigurationList section */
		A3A9C9E72748F55700798A47 /* Build configuration list for PBXProject "SProj_v1" */ = {
			isa = XCConfigurationList;
			buildConfigurations = (
				A3A9C9FE2748F55800798A47 /* Debug */,
				A3A9C9FF2748F55800798A47 /* Release */,
			);
			defaultConfigurationIsVisible = 0;
			defaultConfigurationName = Release;
		};
		A3A9CA002748F55800798A47 /* Build configuration list for PBXNativeTarget "SProj_v1" */ = {
			isa = XCConfigurationList;
			buildConfigurations = (
				A3A9CA012748F55800798A47 /* Debug */,
				A3A9CA022748F55800798A47 /* Release */,
			);
			defaultConfigurationIsVisible = 0;
			defaultConfigurationName = Release;
		};
/* End XCConfigurationList section */
	};
	rootObject = A3A9C9E42748F55700798A47 /* Project object */;
}
